
Microsoft Visual Studio Solution File, Format Version 12.00
# Visual Studio 14
VisualStudioVersion = 14.0.25420.1
MinimumVisualStudioVersion = 10.0.40219.1
Project("{FAE04EC0-301F-11D3-BF4B-00C04F79EFBC}") = "LocalizationFileHelper.Presentation", "LocalizationFileHelper\LocalizationFileHelper.Presentation.csproj", "{56A186B9-58A4-4187-9121-6F281AE0D1BA}"
EndProject
Project("{FAE04EC0-301F-11D3-BF4B-00C04F79EFBC}") = "LocalizationFileHelper.Logic", "LocalizationFileHelper.Logic\LocalizationFileHelper.Logic.csproj", "{97FBB1D2-2DBB-47B7-ABC1-CCF64F351653}"
EndProject
Global
	GlobalSection(SolutionConfigurationPlatforms) = preSolution
		Debug|Any CPU = Debug|Any CPU
		Release|Any CPU = Release|Any CPU
	EndGlobalSection
	GlobalSection(ProjectConfigurationPlatforms) = postSolution
		{56A186B9-58A4-4187-9121-6F281AE0D1BA}.Debug|Any CPU.ActiveCfg = Debug|Any CPU
		{56A186B9-58A4-4187-9121-6F281AE0D1BA}.Debug|Any CPU.Build.0 = Debug|Any CPU
		{56A186B9-58A4-4187-9121-6F281AE0D1BA}.Release|Any CPU.ActiveCfg = Release|Any CPU
		{56A186B9-58A4-4187-9121-6F281AE0D1BA}.Release|Any CPU.Build.0 = Release|Any CPU
		{97FBB1D2-2DBB-47B7-ABC1-CCF64F351653}.Debug|Any CPU.ActiveCfg = Debug|Any CPU
		{97FBB1D2-2DBB-47B7-ABC1-CCF64F351653}.Debug|Any CPU.Build.0 = Debug|Any CPU
		{97FBB1D2-2DBB-47B7-ABC1-CCF64F351653}.Release|Any CPU.ActiveCfg = Release|Any CPU
		{97FBB1D2-2DBB-47B7-ABC1-CCF64F351653}.Release|Any CPU.Build.0 = Release|Any CPU
	EndGlobalSection
	GlobalSection(SolutionProperties) = preSolution
		HideSolutionNode = FALSE
	EndGlobalSection
EndGlobal
